// !$*UTF8*$!
{
	archiveVersion = 1;
	classes = {
	};
	objectVersion = 51;
	objects = {

/* Begin PBXBuildFile section */
		47D4AFAA38E59765DA7A2CF2 /* Pods_thesis_ios_api.framework in Frameworks */ = {isa = PBXBuildFile; fileRef = 09D99B81626B8A7CB4C01B76 /* Pods_thesis_ios_api.framework */; };
		A46632F5237BF8E600C0830E /* AppDelegate.swift in Sources */ = {isa = PBXBuildFile; fileRef = A46632F4237BF8E600C0830E /* AppDelegate.swift */; };
		A46632F7237BF8E600C0830E /* SceneDelegate.swift in Sources */ = {isa = PBXBuildFile; fileRef = A46632F6237BF8E600C0830E /* SceneDelegate.swift */; };
		A46632F9237BF8E600C0830E /* ViewController.swift in Sources */ = {isa = PBXBuildFile; fileRef = A46632F8237BF8E600C0830E /* ViewController.swift */; };
		A46632FC237BF8E600C0830E /* Main.storyboard in Resources */ = {isa = PBXBuildFile; fileRef = A46632FA237BF8E600C0830E /* Main.storyboard */; };
		A46632FE237BF8E800C0830E /* Assets.xcassets in Resources */ = {isa = PBXBuildFile; fileRef = A46632FD237BF8E800C0830E /* Assets.xcassets */; };
		A4663301237BF8E800C0830E /* LaunchScreen.storyboard in Resources */ = {isa = PBXBuildFile; fileRef = A46632FF237BF8E800C0830E /* LaunchScreen.storyboard */; };
		A466330A237BFA6600C0830E /* AppError.swift in Sources */ = {isa = PBXBuildFile; fileRef = A4663309237BFA6600C0830E /* AppError.swift */; };
		A466330F237BFA8D00C0830E /* DictionaryCoable.swift in Sources */ = {isa = PBXBuildFile; fileRef = A466330C237BFA8D00C0830E /* DictionaryCoable.swift */; };
		A4663310237BFA8D00C0830E /* UIScrollView+Extension.swift in Sources */ = {isa = PBXBuildFile; fileRef = A466330D237BFA8D00C0830E /* UIScrollView+Extension.swift */; };
		A4663311237BFA8D00C0830E /* ImagePickerController.swift in Sources */ = {isa = PBXBuildFile; fileRef = A466330E237BFA8D00C0830E /* ImagePickerController.swift */; };
		A4663315237BFAA300C0830E /* FormConstant.swift in Sources */ = {isa = PBXBuildFile; fileRef = A4663313237BFAA300C0830E /* FormConstant.swift */; };
		A4663316237BFAA300C0830E /* UITextField+Form.swift in Sources */ = {isa = PBXBuildFile; fileRef = A4663314237BFAA300C0830E /* UITextField+Form.swift */; };
		A4663319237BFAD800C0830E /* ImagePicker.swift in Sources */ = {isa = PBXBuildFile; fileRef = A4663318237BFAD800C0830E /* ImagePicker.swift */; };
		A4663323237BFB0500C0830E /* Api+Parameter.swift in Sources */ = {isa = PBXBuildFile; fileRef = A466331D237BFB0500C0830E /* Api+Parameter.swift */; };
		A4663324237BFB0500C0830E /* Api+Extension.swift in Sources */ = {isa = PBXBuildFile; fileRef = A466331E237BFB0500C0830E /* Api+Extension.swift */; };
		A4663325237BFB0500C0830E /* AF.swift in Sources */ = {isa = PBXBuildFile; fileRef = A466331F237BFB0500C0830E /* AF.swift */; };
		A4663326237BFB0500C0830E /* Api.swift in Sources */ = {isa = PBXBuildFile; fileRef = A4663320237BFB0500C0830E /* Api.swift */; };
		A4663327237BFB0500C0830E /* Api+Response.swift in Sources */ = {isa = PBXBuildFile; fileRef = A4663321237BFB0500C0830E /* Api+Response.swift */; };
		A4663328237BFB0500C0830E /* Api+Endpoint.swift in Sources */ = {isa = PBXBuildFile; fileRef = A4663322237BFB0500C0830E /* Api+Endpoint.swift */; };
		A466332B237BFB2600C0830E /* User.swift in Sources */ = {isa = PBXBuildFile; fileRef = A466332A237BFB2600C0830E /* User.swift */; };
		A466332F237BFB3100C0830E /* ApiRoutesTVC.swift in Sources */ = {isa = PBXBuildFile; fileRef = A466332C237BFB3100C0830E /* ApiRoutesTVC.swift */; };
		A4663330237BFB3100C0830E /* RequestVC.swift in Sources */ = {isa = PBXBuildFile; fileRef = A466332D237BFB3100C0830E /* RequestVC.swift */; };
		A4663331237BFB3100C0830E /* ResponseVC.swift in Sources */ = {isa = PBXBuildFile; fileRef = A466332E237BFB3100C0830E /* ResponseVC.swift */; };
		A4663334237BFCA800C0830E /* AppDelegate+Extension.swift in Sources */ = {isa = PBXBuildFile; fileRef = A4663333237BFCA800C0830E /* AppDelegate+Extension.swift */; };
		A4663336237BFD0C00C0830E /* App.swift in Sources */ = {isa = PBXBuildFile; fileRef = A4663335237BFD0C00C0830E /* App.swift */; };
		A4663338237C046800C0830E /* README.md in Resources */ = {isa = PBXBuildFile; fileRef = A4663337237C046800C0830E /* README.md */; };
/* End PBXBuildFile section */

/* Begin PBXFileReference section */
		090B2B2AF0FCBA1A5A46A3D7 /* Pods-thesis-ios-api.debug.xcconfig */ = {isa = PBXFileReference; includeInIndex = 1; lastKnownFileType = text.xcconfig; name = "Pods-thesis-ios-api.debug.xcconfig"; path = "Target Support Files/Pods-thesis-ios-api/Pods-thesis-ios-api.debug.xcconfig"; sourceTree = "<group>"; };
		09D99B81626B8A7CB4C01B76 /* Pods_thesis_ios_api.framework */ = {isa = PBXFileReference; explicitFileType = wrapper.framework; includeInIndex = 0; path = Pods_thesis_ios_api.framework; sourceTree = BUILT_PRODUCTS_DIR; };
		3DB1DB3466DD6DCDE6A993A2 /* Pods-thesis-ios-api.release.xcconfig */ = {isa = PBXFileReference; includeInIndex = 1; lastKnownFileType = text.xcconfig; name = "Pods-thesis-ios-api.release.xcconfig"; path = "Target Support Files/Pods-thesis-ios-api/Pods-thesis-ios-api.release.xcconfig"; sourceTree = "<group>"; };
		A46632F1237BF8E600C0830E /* thesis-ios-api.app */ = {isa = PBXFileReference; explicitFileType = wrapper.application; includeInIndex = 0; path = "thesis-ios-api.app"; sourceTree = BUILT_PRODUCTS_DIR; };
		A46632F4237BF8E600C0830E /* AppDelegate.swift */ = {isa = PBXFileReference; lastKnownFileType = sourcecode.swift; path = AppDelegate.swift; sourceTree = "<group>"; };
		A46632F6237BF8E600C0830E /* SceneDelegate.swift */ = {isa = PBXFileReference; lastKnownFileType = sourcecode.swift; path = SceneDelegate.swift; sourceTree = "<group>"; };
		A46632F8237BF8E600C0830E /* ViewController.swift */ = {isa = PBXFileReference; lastKnownFileType = sourcecode.swift; path = ViewController.swift; sourceTree = "<group>"; };
		A46632FB237BF8E600C0830E /* Base */ = {isa = PBXFileReference; lastKnownFileType = file.storyboard; name = Base; path = Base.lproj/Main.storyboard; sourceTree = "<group>"; };
		A46632FD237BF8E800C0830E /* Assets.xcassets */ = {isa = PBXFileReference; lastKnownFileType = folder.assetcatalog; path = Assets.xcassets; sourceTree = "<group>"; };
		A4663300237BF8E800C0830E /* Base */ = {isa = PBXFileReference; lastKnownFileType = file.storyboard; name = Base; path = Base.lproj/LaunchScreen.storyboard; sourceTree = "<group>"; };
		A4663302237BF8E800C0830E /* Info.plist */ = {isa = PBXFileReference; lastKnownFileType = text.plist.xml; path = Info.plist; sourceTree = "<group>"; };
		A4663309237BFA6600C0830E /* AppError.swift */ = {isa = PBXFileReference; fileEncoding = 4; lastKnownFileType = sourcecode.swift; path = AppError.swift; sourceTree = "<group>"; };
		A466330C237BFA8D00C0830E /* DictionaryCoable.swift */ = {isa = PBXFileReference; fileEncoding = 4; lastKnownFileType = sourcecode.swift; path = DictionaryCoable.swift; sourceTree = "<group>"; };
		A466330D237BFA8D00C0830E /* UIScrollView+Extension.swift */ = {isa = PBXFileReference; fileEncoding = 4; lastKnownFileType = sourcecode.swift; path = "UIScrollView+Extension.swift"; sourceTree = "<group>"; };
		A466330E237BFA8D00C0830E /* ImagePickerController.swift */ = {isa = PBXFileReference; fileEncoding = 4; lastKnownFileType = sourcecode.swift; path = ImagePickerController.swift; sourceTree = "<group>"; };
		A4663313237BFAA300C0830E /* FormConstant.swift */ = {isa = PBXFileReference; fileEncoding = 4; lastKnownFileType = sourcecode.swift; path = FormConstant.swift; sourceTree = "<group>"; };
		A4663314237BFAA300C0830E /* UITextField+Form.swift */ = {isa = PBXFileReference; fileEncoding = 4; lastKnownFileType = sourcecode.swift; path = "UITextField+Form.swift"; sourceTree = "<group>"; };
		A4663318237BFAD800C0830E /* ImagePicker.swift */ = {isa = PBXFileReference; lastKnownFileType = sourcecode.swift; path = ImagePicker.swift; sourceTree = "<group>"; };
		A466331D237BFB0500C0830E /* Api+Parameter.swift */ = {isa = PBXFileReference; fileEncoding = 4; lastKnownFileType = sourcecode.swift; path = "Api+Parameter.swift"; sourceTree = "<group>"; };
		A466331E237BFB0500C0830E /* Api+Extension.swift */ = {isa = PBXFileReference; fileEncoding = 4; lastKnownFileType = sourcecode.swift; path = "Api+Extension.swift"; sourceTree = "<group>"; };
		A466331F237BFB0500C0830E /* AF.swift */ = {isa = PBXFileReference; fileEncoding = 4; lastKnownFileType = sourcecode.swift; path = AF.swift; sourceTree = "<group>"; };
		A4663320237BFB0500C0830E /* Api.swift */ = {isa = PBXFileReference; fileEncoding = 4; lastKnownFileType = sourcecode.swift; path = Api.swift; sourceTree = "<group>"; };
		A4663321237BFB0500C0830E /* Api+Response.swift */ = {isa = PBXFileReference; fileEncoding = 4; lastKnownFileType = sourcecode.swift; path = "Api+Response.swift"; sourceTree = "<group>"; };
		A4663322237BFB0500C0830E /* Api+Endpoint.swift */ = {isa = PBXFileReference; fileEncoding = 4; lastKnownFileType = sourcecode.swift; path = "Api+Endpoint.swift"; sourceTree = "<group>"; };
		A466332A237BFB2600C0830E /* User.swift */ = {isa = PBXFileReference; fileEncoding = 4; lastKnownFileType = sourcecode.swift; path = User.swift; sourceTree = "<group>"; };
		A466332C237BFB3100C0830E /* ApiRoutesTVC.swift */ = {isa = PBXFileReference; fileEncoding = 4; lastKnownFileType = sourcecode.swift; path = ApiRoutesTVC.swift; sourceTree = "<group>"; };
		A466332D237BFB3100C0830E /* RequestVC.swift */ = {isa = PBXFileReference; fileEncoding = 4; lastKnownFileType = sourcecode.swift; path = RequestVC.swift; sourceTree = "<group>"; };
		A466332E237BFB3100C0830E /* ResponseVC.swift */ = {isa = PBXFileReference; fileEncoding = 4; lastKnownFileType = sourcecode.swift; path = ResponseVC.swift; sourceTree = "<group>"; };
		A4663333237BFCA800C0830E /* AppDelegate+Extension.swift */ = {isa = PBXFileReference; lastKnownFileType = sourcecode.swift; path = "AppDelegate+Extension.swift"; sourceTree = "<group>"; };
		A4663335237BFD0C00C0830E /* App.swift */ = {isa = PBXFileReference; lastKnownFileType = sourcecode.swift; path = App.swift; sourceTree = "<group>"; };
		A4663337237C046800C0830E /* README.md */ = {isa = PBXFileReference; fileEncoding = 4; lastKnownFileType = net.daringfireball.markdown; path = README.md; sourceTree = "<group>"; };
/* End PBXFileReference section */

/* Begin PBXFrameworksBuildPhase section */
		A46632EE237BF8E600C0830E /* Frameworks */ = {
			isa = PBXFrameworksBuildPhase;
			buildActionMask = 2147483647;
			files = (
				47D4AFAA38E59765DA7A2CF2 /* Pods_thesis_ios_api.framework in Frameworks */,
			);
			runOnlyForDeploymentPostprocessing = 0;
		};
/* End PBXFrameworksBuildPhase section */

/* Begin PBXGroup section */
		6A7A6C1E45AA3B434E2B63D0 /* Pods */ = {
			isa = PBXGroup;
			children = (
				090B2B2AF0FCBA1A5A46A3D7 /* Pods-thesis-ios-api.debug.xcconfig */,
				3DB1DB3466DD6DCDE6A993A2 /* Pods-thesis-ios-api.release.xcconfig */,
			);
			path = Pods;
			sourceTree = "<group>";
		};
		8EAADF536C933B2F18F7E769 /* Frameworks */ = {
			isa = PBXGroup;
			children = (
				09D99B81626B8A7CB4C01B76 /* Pods_thesis_ios_api.framework */,
			);
			name = Frameworks;
			sourceTree = "<group>";
		};
		A46632E8237BF8E600C0830E = {
			isa = PBXGroup;
			children = (
				A4663337237C046800C0830E /* README.md */,
				A4663332237BFB3800C0830E /* scene */,
				A4663329237BFB1E00C0830E /* domain */,
				A466331C237BFAFD00C0830E /* data */,
				A466330B237BFA7100C0830E /* utility */,
				A4663308237BFA5B00C0830E /* app */,
				A46632F3237BF8E600C0830E /* thesis-ios-api */,
				A46632F2237BF8E600C0830E /* Products */,
				6A7A6C1E45AA3B434E2B63D0 /* Pods */,
				8EAADF536C933B2F18F7E769 /* Frameworks */,
			);
			sourceTree = "<group>";
		};
		A46632F2237BF8E600C0830E /* Products */ = {
			isa = PBXGroup;
			children = (
				A46632F1237BF8E600C0830E /* thesis-ios-api.app */,
			);
			name = Products;
			sourceTree = "<group>";
		};
		A46632F3237BF8E600C0830E /* thesis-ios-api */ = {
			isa = PBXGroup;
			children = (
				A4663335237BFD0C00C0830E /* App.swift */,
				A46632F4237BF8E600C0830E /* AppDelegate.swift */,
				A4663333237BFCA800C0830E /* AppDelegate+Extension.swift */,
				A46632FD237BF8E800C0830E /* Assets.xcassets */,
				A4663302237BF8E800C0830E /* Info.plist */,
				A46632FF237BF8E800C0830E /* LaunchScreen.storyboard */,
				A46632FA237BF8E600C0830E /* Main.storyboard */,
				A46632F6237BF8E600C0830E /* SceneDelegate.swift */,
				A46632F8237BF8E600C0830E /* ViewController.swift */,
			);
			path = "thesis-ios-api";
			sourceTree = "<group>";
		};
		A4663308237BFA5B00C0830E /* app */ = {
			isa = PBXGroup;
			children = (
				A4663317237BFAAC00C0830E /* AppConstant */,
				A4663309237BFA6600C0830E /* AppError.swift */,
			);
			path = app;
			sourceTree = "<group>";
		};
		A466330B237BFA7100C0830E /* utility */ = {
			isa = PBXGroup;
			children = (
				A4663312237BFA9900C0830E /* form */,
				A466330C237BFA8D00C0830E /* DictionaryCoable.swift */,
				A466330E237BFA8D00C0830E /* ImagePickerController.swift */,
				A4663318237BFAD800C0830E /* ImagePicker.swift */,
				A466330D237BFA8D00C0830E /* UIScrollView+Extension.swift */,
			);
			path = utility;
			sourceTree = "<group>";
		};
		A4663312237BFA9900C0830E /* form */ = {
			isa = PBXGroup;
			children = (
				A4663314237BFAA300C0830E /* UITextField+Form.swift */,
				A4663313237BFAA300C0830E /* FormConstant.swift */,
			);
			path = form;
			sourceTree = "<group>";
		};
		A4663317237BFAAC00C0830E /* AppConstant */ = {
			isa = PBXGroup;
			children = (
			);
			path = AppConstant;
			sourceTree = "<group>";
		};
		A466331C237BFAFD00C0830E /* data */ = {
			isa = PBXGroup;
			children = (
				A466331F237BFB0500C0830E /* AF.swift */,
				A4663320237BFB0500C0830E /* Api.swift */,
				A4663322237BFB0500C0830E /* Api+Endpoint.swift */,
				A466331E237BFB0500C0830E /* Api+Extension.swift */,
				A466331D237BFB0500C0830E /* Api+Parameter.swift */,
				A4663321237BFB0500C0830E /* Api+Response.swift */,
			);
			path = data;
			sourceTree = "<group>";
		};
		A4663329237BFB1E00C0830E /* domain */ = {
			isa = PBXGroup;
			children = (
				A466332A237BFB2600C0830E /* User.swift */,
			);
			path = domain;
			sourceTree = "<group>";
		};
		A4663332237BFB3800C0830E /* scene */ = {
			isa = PBXGroup;
			children = (
				A466332C237BFB3100C0830E /* ApiRoutesTVC.swift */,
				A466332D237BFB3100C0830E /* RequestVC.swift */,
				A466332E237BFB3100C0830E /* ResponseVC.swift */,
			);
			path = scene;
			sourceTree = "<group>";
		};
/* End PBXGroup section */

/* Begin PBXNativeTarget section */
		A46632F0237BF8E600C0830E /* thesis-ios-api */ = {
			isa = PBXNativeTarget;
			buildConfigurationList = A4663305237BF8E800C0830E /* Build configuration list for PBXNativeTarget "thesis-ios-api" */;
			buildPhases = (
				9B74718662D3A82457975018 /* [CP] Check Pods Manifest.lock */,
				A46632ED237BF8E600C0830E /* Sources */,
				A46632EE237BF8E600C0830E /* Frameworks */,
				A46632EF237BF8E600C0830E /* Resources */,
				EFB027C4809B25E3EE2FA105 /* [CP] Embed Pods Frameworks */,
			);
			buildRules = (
			);
			dependencies = (
			);
			name = "thesis-ios-api";
			productName = "thesis-ios-api";
			productReference = A46632F1237BF8E600C0830E /* thesis-ios-api.app */;
			productType = "com.apple.product-type.application";
		};
/* End PBXNativeTarget section */

/* Begin PBXProject section */
		A46632E9237BF8E600C0830E /* Project object */ = {
			isa = PBXProject;
			attributes = {
				LastSwiftUpdateCheck = 1110;
				LastUpgradeCheck = 1110;
				ORGANIZATIONNAME = ssankosik;
				TargetAttributes = {
					A46632F0237BF8E600C0830E = {
						CreatedOnToolsVersion = 11.1;
					};
				};
			};
			buildConfigurationList = A46632EC237BF8E600C0830E /* Build configuration list for PBXProject "thesis-ios-api" */;
			compatibilityVersion = "Xcode 9.3";
			developmentRegion = en;
			hasScannedForEncodings = 0;
			knownRegions = (
				en,
				Base,
			);
			mainGroup = A46632E8237BF8E600C0830E;
			productRefGroup = A46632F2237BF8E600C0830E /* Products */;
			projectDirPath = "";
			projectRoot = "";
			targets = (
				A46632F0237BF8E600C0830E /* thesis-ios-api */,
			);
		};
/* End PBXProject section */

/* Begin PBXResourcesBuildPhase section */
		A46632EF237BF8E600C0830E /* Resources */ = {
			isa = PBXResourcesBuildPhase;
			buildActionMask = 2147483647;
			files = (
				A4663301237BF8E800C0830E /* LaunchScreen.storyboard in Resources */,
				A46632FE237BF8E800C0830E /* Assets.xcassets in Resources */,
				A4663338237C046800C0830E /* README.md in Resources */,
				A46632FC237BF8E600C0830E /* Main.storyboard in Resources */,
			);
			runOnlyForDeploymentPostprocessing = 0;
		};
/* End PBXResourcesBuildPhase section */

/* Begin PBXShellScriptBuildPhase section */
		9B74718662D3A82457975018 /* [CP] Check Pods Manifest.lock */ = {
			isa = PBXShellScriptBuildPhase;
			buildActionMask = 2147483647;
			files = (
			);
			inputFileListPaths = (
			);
			inputPaths = (
				"${PODS_PODFILE_DIR_PATH}/Podfile.lock",
				"${PODS_ROOT}/Manifest.lock",
			);
			name = "[CP] Check Pods Manifest.lock";
			outputFileListPaths = (
			);
			outputPaths = (
				"$(DERIVED_FILE_DIR)/Pods-thesis-ios-api-checkManifestLockResult.txt",
			);
			runOnlyForDeploymentPostprocessing = 0;
			shellPath = /bin/sh;
			shellScript = "diff \"${PODS_PODFILE_DIR_PATH}/Podfile.lock\" \"${PODS_ROOT}/Manifest.lock\" > /dev/null\nif [ $? != 0 ] ; then\n    # print error to STDERR\n    echo \"error: The sandbox is not in sync with the Podfile.lock. Run 'pod install' or update your CocoaPods installation.\" >&2\n    exit 1\nfi\n# This output is used by Xcode 'outputs' to avoid re-running this script phase.\necho \"SUCCESS\" > \"${SCRIPT_OUTPUT_FILE_0}\"\n";
			showEnvVarsInLog = 0;
		};
		EFB027C4809B25E3EE2FA105 /* [CP] Embed Pods Frameworks */ = {
			isa = PBXShellScriptBuildPhase;
			buildActionMask = 2147483647;
			files = (
			);
			inputFileListPaths = (
				"${PODS_ROOT}/Target Support Files/Pods-thesis-ios-api/Pods-thesis-ios-api-frameworks-${CONFIGURATION}-input-files.xcfilelist",
			);
			name = "[CP] Embed Pods Frameworks";
			outputFileListPaths = (
				"${PODS_ROOT}/Target Support Files/Pods-thesis-ios-api/Pods-thesis-ios-api-frameworks-${CONFIGURATION}-output-files.xcfilelist",
			);
			runOnlyForDeploymentPostprocessing = 0;
			shellPath = /bin/sh;
			shellScript = "\"${PODS_ROOT}/Target Support Files/Pods-thesis-ios-api/Pods-thesis-ios-api-frameworks.sh\"\n";
			showEnvVarsInLog = 0;
		};
/* End PBXShellScriptBuildPhase section */

/* Begin PBXSourcesBuildPhase section */
		A46632ED237BF8E600C0830E /* Sources */ = {
			isa = PBXSourcesBuildPhase;
			buildActionMask = 2147483647;
			files = (
				A4663325237BFB0500C0830E /* AF.swift in Sources */,
				A466330A237BFA6600C0830E /* AppError.swift in Sources */,
				A4663310237BFA8D00C0830E /* UIScrollView+Extension.swift in Sources */,
				A4663330237BFB3100C0830E /* RequestVC.swift in Sources */,
				A4663328237BFB0500C0830E /* Api+Endpoint.swift in Sources */,
				A466330F237BFA8D00C0830E /* DictionaryCoable.swift in Sources */,
				A4663315237BFAA300C0830E /* FormConstant.swift in Sources */,
				A4663324237BFB0500C0830E /* Api+Extension.swift in Sources */,
				A466332B237BFB2600C0830E /* User.swift in Sources */,
				A466332F237BFB3100C0830E /* ApiRoutesTVC.swift in Sources */,
				A4663334237BFCA800C0830E /* AppDelegate+Extension.swift in Sources */,
				A46632F9237BF8E600C0830E /* ViewController.swift in Sources */,
				A46632F5237BF8E600C0830E /* AppDelegate.swift in Sources */,
				A4663336237BFD0C00C0830E /* App.swift in Sources */,
				A4663327237BFB0500C0830E /* Api+Response.swift in Sources */,
				A4663311237BFA8D00C0830E /* ImagePickerController.swift in Sources */,
				A4663323237BFB0500C0830E /* Api+Parameter.swift in Sources */,
				A4663331237BFB3100C0830E /* ResponseVC.swift in Sources */,
				A4663319237BFAD800C0830E /* ImagePicker.swift in Sources */,
				A46632F7237BF8E600C0830E /* SceneDelegate.swift in Sources */,
				A4663326237BFB0500C0830E /* Api.swift in Sources */,
				A4663316237BFAA300C0830E /* UITextField+Form.swift in Sources */,
			);
			runOnlyForDeploymentPostprocessing = 0;
		};
/* End PBXSourcesBuildPhase section */

/* Begin PBXVariantGroup section */
		A46632FA237BF8E600C0830E /* Main.storyboard */ = {
			isa = PBXVariantGroup;
			children = (
				A46632FB237BF8E600C0830E /* Base */,
			);
			name = Main.storyboard;
			sourceTree = "<group>";
		};
		A46632FF237BF8E800C0830E /* LaunchScreen.storyboard */ = {
			isa = PBXVariantGroup;
			children = (
				A4663300237BF8E800C0830E /* Base */,
			);
			name = LaunchScreen.storyboard;
			sourceTree = "<group>";
		};
/* End PBXVariantGroup section */

/* Begin XCBuildConfiguration section */
		A4663303237BF8E800C0830E /* Debug */ = {
			isa = XCBuildConfiguration;
			buildSettings = {
				ALWAYS_SEARCH_USER_PATHS = NO;
				CLANG_ANALYZER_NONNULL = YES;
				CLANG_ANALYZER_NUMBER_OBJECT_CONVERSION = YES_AGGRESSIVE;
				CLANG_CXX_LANGUAGE_STANDARD = "gnu++14";
				CLANG_CXX_LIBRARY = "libc++";
				CLANG_ENABLE_MODULES = YES;
				CLANG_ENABLE_OBJC_ARC = YES;
				CLANG_ENABLE_OBJC_WEAK = YES;
				CLANG_WARN_BLOCK_CAPTURE_AUTORELEASING = YES;
				CLANG_WARN_BOOL_CONVERSION = YES;
				CLANG_WARN_COMMA = YES;
				CLANG_WARN_CONSTANT_CONVERSION = YES;
				CLANG_WARN_DEPRECATED_OBJC_IMPLEMENTATIONS = YES;
				CLANG_WARN_DIRECT_OBJC_ISA_USAGE = YES_ERROR;
				CLANG_WARN_DOCUMENTATION_COMMENTS = YES;
				CLANG_WARN_EMPTY_BODY = YES;
				CLANG_WARN_ENUM_CONVERSION = YES;
				CLANG_WARN_INFINITE_RECURSION = YES;
				CLANG_WARN_INT_CONVERSION = YES;
				CLANG_WARN_NON_LITERAL_NULL_CONVERSION = YES;
				CLANG_WARN_OBJC_IMPLICIT_RETAIN_SELF = YES;
				CLANG_WARN_OBJC_LITERAL_CONVERSION = YES;
				CLANG_WARN_OBJC_ROOT_CLASS = YES_ERROR;
				CLANG_WARN_RANGE_LOOP_ANALYSIS = YES;
				CLANG_WARN_STRICT_PROTOTYPES = YES;
				CLANG_WARN_SUSPICIOUS_MOVE = YES;
				CLANG_WARN_UNGUARDED_AVAILABILITY = YES_AGGRESSIVE;
				CLANG_WARN_UNREACHABLE_CODE = YES;
				CLANG_WARN__DUPLICATE_METHOD_MATCH = YES;
				COPY_PHASE_STRIP = NO;
				DEBUG_INFORMATION_FORMAT = dwarf;
				ENABLE_STRICT_OBJC_MSGSEND = YES;
				ENABLE_TESTABILITY = YES;
				GCC_C_LANGUAGE_STANDARD = gnu11;
				GCC_DYNAMIC_NO_PIC = NO;
				GCC_NO_COMMON_BLOCKS = YES;
				GCC_OPTIMIZATION_LEVEL = 0;
				GCC_PREPROCESSOR_DEFINITIONS = (
					"DEBUG=1",
					"$(inherited)",
				);
				GCC_WARN_64_TO_32_BIT_CONVERSION = YES;
				GCC_WARN_ABOUT_RETURN_TYPE = YES_ERROR;
				GCC_WARN_UNDECLARED_SELECTOR = YES;
				GCC_WARN_UNINITIALIZED_AUTOS = YES_AGGRESSIVE;
				GCC_WARN_UNUSED_FUNCTION = YES;
				GCC_WARN_UNUSED_VARIABLE = YES;
				IPHONEOS_DEPLOYMENT_TARGET = 13.1;
				MTL_ENABLE_DEBUG_INFO = INCLUDE_SOURCE;
				MTL_FAST_MATH = YES;
				ONLY_ACTIVE_ARCH = YES;
				SDKROOT = iphoneos;
				SWIFT_ACTIVE_COMPILATION_CONDITIONS = DEBUG;
				SWIFT_OPTIMIZATION_LEVEL = "-Onone";
			};
			name = Debug;
		};
		A4663304237BF8E800C0830E /* Release */ = {
			isa = XCBuildConfiguration;
			buildSettings = {
				ALWAYS_SEARCH_USER_PATHS = NO;
				CLANG_ANALYZER_NONNULL = YES;
				CLANG_ANALYZER_NUMBER_OBJECT_CONVERSION = YES_AGGRESSIVE;
				CLANG_CXX_LANGUAGE_STANDARD = "gnu++14";
				CLANG_CXX_LIBRARY = "libc++";
				CLANG_ENABLE_MODULES = YES;
				CLANG_ENABLE_OBJC_ARC = YES;
				CLANG_ENABLE_OBJC_WEAK = YES;
				CLANG_WARN_BLOCK_CAPTURE_AUTORELEASING = YES;
				CLANG_WARN_BOOL_CONVERSION = YES;
				CLANG_WARN_COMMA = YES;
				CLANG_WARN_CONSTANT_CONVERSION = YES;
				CLANG_WARN_DEPRECATED_OBJC_IMPLEMENTATIONS = YES;
				CLANG_WARN_DIRECT_OBJC_ISA_USAGE = YES_ERROR;
				CLANG_WARN_DOCUMENTATION_COMMENTS = YES;
				CLANG_WARN_EMPTY_BODY = YES;
				CLANG_WARN_ENUM_CONVERSION = YES;
				CLANG_WARN_INFINITE_RECURSION = YES;
				CLANG_WARN_INT_CONVERSION = YES;
				CLANG_WARN_NON_LITERAL_NULL_CONVERSION = YES;
				CLANG_WARN_OBJC_IMPLICIT_RETAIN_SELF = YES;
				CLANG_WARN_OBJC_LITERAL_CONVERSION = YES;
				CLANG_WARN_OBJC_ROOT_CLASS = YES_ERROR;
				CLANG_WARN_RANGE_LOOP_ANALYSIS = YES;
				CLANG_WARN_STRICT_PROTOTYPES = YES;
				CLANG_WARN_SUSPICIOUS_MOVE = YES;
				CLANG_WARN_UNGUARDED_AVAILABILITY = YES_AGGRESSIVE;
				CLANG_WARN_UNREACHABLE_CODE = YES;
				CLANG_WARN__DUPLICATE_METHOD_MATCH = YES;
				COPY_PHASE_STRIP = NO;
				DEBUG_INFORMATION_FORMAT = "dwarf-with-dsym";
				ENABLE_NS_ASSERTIONS = NO;
				ENABLE_STRICT_OBJC_MSGSEND = YES;
				GCC_C_LANGUAGE_STANDARD = gnu11;
				GCC_NO_COMMON_BLOCKS = YES;
				GCC_WARN_64_TO_32_BIT_CONVERSION = YES;
				GCC_WARN_ABOUT_RETURN_TYPE = YES_ERROR;
				GCC_WARN_UNDECLARED_SELECTOR = YES;
				GCC_WARN_UNINITIALIZED_AUTOS = YES_AGGRESSIVE;
				GCC_WARN_UNUSED_FUNCTION = YES;
				GCC_WARN_UNUSED_VARIABLE = YES;
				IPHONEOS_DEPLOYMENT_TARGET = 13.1;
				MTL_ENABLE_DEBUG_INFO = NO;
				MTL_FAST_MATH = YES;
				SDKROOT = iphoneos;
				SWIFT_COMPILATION_MODE = wholemodule;
				SWIFT_OPTIMIZATION_LEVEL = "-O";
				VALIDATE_PRODUCT = YES;
			};
			name = Release;
		};
		A4663306237BF8E800C0830E /* Debug */ = {
			isa = XCBuildConfiguration;
			baseConfigurationReference = 090B2B2AF0FCBA1A5A46A3D7 /* Pods-thesis-ios-api.debug.xcconfig */;
			buildSettings = {
				ASSETCATALOG_COMPILER_APPICON_NAME = AppIcon;
				CODE_SIGN_IDENTITY = "Apple Development";
				CODE_SIGN_STYLE = Automatic;
				DEVELOPMENT_TEAM = 64JR72N2P6;
				INFOPLIST_FILE = "thesis-ios-api/Info.plist";
				LD_RUNPATH_SEARCH_PATHS = (
					"$(inherited)",
					"@executable_path/Frameworks",
				);
				PRODUCT_BUNDLE_IDENTIFIER = "ssankosik.thesis-ios-api";
				PRODUCT_NAME = "$(TARGET_NAME)";
				PROVISIONING_PROFILE_SPECIFIER = "";
				SWIFT_VERSION = 5.0;
				TARGETED_DEVICE_FAMILY = "1,2";
			};
			name = Debug;
		};
		A4663307237BF8E800C0830E /* Release */ = {
			isa = XCBuildConfiguration;
			baseConfigurationReference = 3DB1DB3466DD6DCDE6A993A2 /* Pods-thesis-ios-api.release.xcconfig */;
			buildSettings = {
				ASSETCATALOG_COMPILER_APPICON_NAME = AppIcon;
				CODE_SIGN_IDENTITY = "Apple Development";
				CODE_SIGN_STYLE = Automatic;
				DEVELOPMENT_TEAM = 64JR72N2P6;
				INFOPLIST_FILE = "thesis-ios-api/Info.plist";
				LD_RUNPATH_SEARCH_PATHS = (
					"$(inherited)",
					"@executable_path/Frameworks",
				);
				PRODUCT_BUNDLE_IDENTIFIER = "ssankosik.thesis-ios-api";
				PRODUCT_NAME = "$(TARGET_NAME)";
				PROVISIONING_PROFILE_SPECIFIER = "";
				SWIFT_VERSION = 5.0;
				TARGETED_DEVICE_FAMILY = "1,2";
			};
			name = Release;
		};
/* End XCBuildConfiguration section */

/* Begin XCConfigurationList section */
		A46632EC237BF8E600C0830E /* Build configuration list for PBXProject "thesis-ios-api" */ = {
			isa = XCConfigurationList;
			buildConfigurations = (
				A4663303237BF8E800C0830E /* Debug */,
				A4663304237BF8E800C0830E /* Release */,
			);
			defaultConfigurationIsVisible = 0;
			defaultConfigurationName = Release;
		};
		A4663305237BF8E800C0830E /* Build configuration list for PBXNativeTarget "thesis-ios-api" */ = {
			isa = XCConfigurationList;
			buildConfigurations = (
				A4663306237BF8E800C0830E /* Debug */,
				A4663307237BF8E800C0830E /* Release */,
			);
			defaultConfigurationIsVisible = 0;
			defaultConfigurationName = Release;
		};
/* End XCConfigurationList section */
	};
	rootObject = A46632E9237BF8E600C0830E /* Project object */;
}
