// !$*UTF8*$!
{
	archiveVersion = 1;
	classes = {
	};
	objectVersion = 50;
	objects = {

/* Begin PBXBuildFile section */
		A46632F5237BF8E600C0830E /* AppDelegate.swift in Sources */ = {isa = PBXBuildFile; fileRef = A46632F4237BF8E600C0830E /* AppDelegate.swift */; };
		A46632F7237BF8E600C0830E /* SceneDelegate.swift in Sources */ = {isa = PBXBuildFile; fileRef = A46632F6237BF8E600C0830E /* SceneDelegate.swift */; };
		A46632F9237BF8E600C0830E /* ViewController.swift in Sources */ = {isa = PBXBuildFile; fileRef = A46632F8237BF8E600C0830E /* ViewController.swift */; };
		A46632FC237BF8E600C0830E /* Main.storyboard in Resources */ = {isa = PBXBuildFile; fileRef = A46632FA237BF8E600C0830E /* Main.storyboard */; };
		A46632FE237BF8E800C0830E /* Assets.xcassets in Resources */ = {isa = PBXBuildFile; fileRef = A46632FD237BF8E800C0830E /* Assets.xcassets */; };
		A4663301237BF8E800C0830E /* LaunchScreen.storyboard in Resources */ = {isa = PBXBuildFile; fileRef = A46632FF237BF8E800C0830E /* LaunchScreen.storyboard */; };
/* End PBXBuildFile section */

/* Begin PBXFileReference section */
		A46632F1237BF8E600C0830E /* thesis-ios-api.app */ = {isa = PBXFileReference; explicitFileType = wrapper.application; includeInIndex = 0; path = "thesis-ios-api.app"; sourceTree = BUILT_PRODUCTS_DIR; };
		A46632F4237BF8E600C0830E /* AppDelegate.swift */ = {isa = PBXFileReference; lastKnownFileType = sourcecode.swift; path = AppDelegate.swift; sourceTree = "<group>"; };
		A46632F6237BF8E600C0830E /* SceneDelegate.swift */ = {isa = PBXFileReference; lastKnownFileType = sourcecode.swift; path = SceneDelegate.swift; sourceTree = "<group>"; };
		A46632F8237BF8E600C0830E /* ViewController.swift */ = {isa = PBXFileReference; lastKnownFileType = sourcecode.swift; path = ViewController.swift; sourceTree = "<group>"; };
		A46632FB237BF8E600C0830E /* Base */ = {isa = PBXFileReference; lastKnownFileType = file.storyboard; name = Base; path = Base.lproj/Main.storyboard; sourceTree = "<group>"; };
		A46632FD237BF8E800C0830E /* Assets.xcassets */ = {isa = PBXFileReference; lastKnownFileType = folder.assetcatalog; path = Assets.xcassets; sourceTree = "<group>"; };
		A4663300237BF8E800C0830E /* Base */ = {isa = PBXFileReference; lastKnownFileType = file.storyboard; name = Base; path = Base.lproj/LaunchScreen.storyboard; sourceTree = "<group>"; };
		A4663302237BF8E800C0830E /* Info.plist */ = {isa = PBXFileReference; lastKnownFileType = text.plist.xml; path = Info.plist; sourceTree = "<group>"; };
/* End PBXFileReference section */

/* Begin PBXFrameworksBuildPhase section */
		A46632EE237BF8E600C0830E /* Frameworks */ = {
			isa = PBXFrameworksBuildPhase;
			buildActionMask = 2147483647;
			files = (
			);
			runOnlyForDeploymentPostprocessing = 0;
		};
/* End PBXFrameworksBuildPhase section */

/* Begin PBXGroup section */
		A46632E8237BF8E600C0830E = {
			isa = PBXGroup;
			children = (
				A46632F3237BF8E600C0830E /* thesis-ios-api */,
				A46632F2237BF8E600C0830E /* Products */,
			);
			sourceTree = "<group>";
		};
		A46632F2237BF8E600C0830E /* Products */ = {
			isa = PBXGroup;
			children = (
				A46632F1237BF8E600C0830E /* thesis-ios-api.app */,
			);
			name = Products;
			sourceTree = "<group>";
		};
		A46632F3237BF8E600C0830E /* thesis-ios-api */ = {
			isa = PBXGroup;
			children = (
				A46632F4237BF8E600C0830E /* AppDelegate.swift */,
				A46632F6237BF8E600C0830E /* SceneDelegate.swift */,
				A46632F8237BF8E600C0830E /* ViewController.swift */,
				A46632FA237BF8E600C0830E /* Main.storyboard */,
				A46632FD237BF8E800C0830E /* Assets.xcassets */,
				A46632FF237BF8E800C0830E /* LaunchScreen.storyboard */,
				A4663302237BF8E800C0830E /* Info.plist */,
			);
			path = "thesis-ios-api";
			sourceTree = "<group>";
		};
/* End PBXGroup section */

/* Begin PBXNativeTarget section */
		A46632F0237BF8E600C0830E /* thesis-ios-api */ = {
			isa = PBXNativeTarget;
			buildConfigurationList = A4663305237BF8E800C0830E /* Build configuration list for PBXNativeTarget "thesis-ios-api" */;
			buildPhases = (
				A46632ED237BF8E600C0830E /* Sources */,
				A46632EE237BF8E600C0830E /* Frameworks */,
				A46632EF237BF8E600C0830E /* Resources */,
			);
			buildRules = (
			);
			dependencies = (
			);
			name = "thesis-ios-api";
			productName = "thesis-ios-api";
			productReference = A46632F1237BF8E600C0830E /* thesis-ios-api.app */;
			productType = "com.apple.product-type.application";
		};
/* End PBXNativeTarget section */

/* Begin PBXProject section */
		A46632E9237BF8E600C0830E /* Project object */ = {
			isa = PBXProject;
			attributes = {
				LastSwiftUpdateCheck = 1110;
				LastUpgradeCheck = 1110;
				ORGANIZATIONNAME = ssankosik;
				TargetAttributes = {
					A46632F0237BF8E600C0830E = {
						CreatedOnToolsVersion = 11.1;
					};
				};
			};
			buildConfigurationList = A46632EC237BF8E600C0830E /* Build configuration list for PBXProject "thesis-ios-api" */;
			compatibilityVersion = "Xcode 9.3";
			developmentRegion = en;
			hasScannedForEncodings = 0;
			knownRegions = (
				en,
				Base,
			);
			mainGroup = A46632E8237BF8E600C0830E;
			productRefGroup = A46632F2237BF8E600C0830E /* Products */;
			projectDirPath = "";
			projectRoot = "";
			targets = (
				A46632F0237BF8E600C0830E /* thesis-ios-api */,
			);
		};
/* End PBXProject section */

/* Begin PBXResourcesBuildPhase section */
		A46632EF237BF8E600C0830E /* Resources */ = {
			isa = PBXResourcesBuildPhase;
			buildActionMask = 2147483647;
			files = (
				A4663301237BF8E800C0830E /* LaunchScreen.storyboard in Resources */,
				A46632FE237BF8E800C0830E /* Assets.xcassets in Resources */,
				A46632FC237BF8E600C0830E /* Main.storyboard in Resources */,
			);
			runOnlyForDeploymentPostprocessing = 0;
		};
/* End PBXResourcesBuildPhase section */

/* Begin PBXSourcesBuildPhase section */
		A46632ED237BF8E600C0830E /* Sources */ = {
			isa = PBXSourcesBuildPhase;
			buildActionMask = 2147483647;
			files = (
				A46632F9237BF8E600C0830E /* ViewController.swift in Sources */,
				A46632F5237BF8E600C0830E /* AppDelegate.swift in Sources */,
				A46632F7237BF8E600C0830E /* SceneDelegate.swift in Sources */,
			);
			runOnlyForDeploymentPostprocessing = 0;
		};
/* End PBXSourcesBuildPhase section */

/* Begin PBXVariantGroup section */
		A46632FA237BF8E600C0830E /* Main.storyboard */ = {
			isa = PBXVariantGroup;
			children = (
				A46632FB237BF8E600C0830E /* Base */,
			);
			name = Main.storyboard;
			sourceTree = "<group>";
		};
		A46632FF237BF8E800C0830E /* LaunchScreen.storyboard */ = {
			isa = PBXVariantGroup;
			children = (
				A4663300237BF8E800C0830E /* Base */,
			);
			name = LaunchScreen.storyboard;
			sourceTree = "<group>";
		};
/* End PBXVariantGroup section */

/* Begin XCBuildConfiguration section */
		A4663303237BF8E800C0830E /* Debug */ = {
			isa = XCBuildConfiguration;
			buildSettings = {
				ALWAYS_SEARCH_USER_PATHS = NO;
				CLANG_ANALYZER_NONNULL = YES;
				CLANG_ANALYZER_NUMBER_OBJECT_CONVERSION = YES_AGGRESSIVE;
				CLANG_CXX_LANGUAGE_STANDARD = "gnu++14";
				CLANG_CXX_LIBRARY = "libc++";
				CLANG_ENABLE_MODULES = YES;
				CLANG_ENABLE_OBJC_ARC = YES;
				CLANG_ENABLE_OBJC_WEAK = YES;
				CLANG_WARN_BLOCK_CAPTURE_AUTORELEASING = YES;
				CLANG_WARN_BOOL_CONVERSION = YES;
				CLANG_WARN_COMMA = YES;
				CLANG_WARN_CONSTANT_CONVERSION = YES;
				CLANG_WARN_DEPRECATED_OBJC_IMPLEMENTATIONS = YES;
				CLANG_WARN_DIRECT_OBJC_ISA_USAGE = YES_ERROR;
				CLANG_WARN_DOCUMENTATION_COMMENTS = YES;
				CLANG_WARN_EMPTY_BODY = YES;
				CLANG_WARN_ENUM_CONVERSION = YES;
				CLANG_WARN_INFINITE_RECURSION = YES;
				CLANG_WARN_INT_CONVERSION = YES;
				CLANG_WARN_NON_LITERAL_NULL_CONVERSION = YES;
				CLANG_WARN_OBJC_IMPLICIT_RETAIN_SELF = YES;
				CLANG_WARN_OBJC_LITERAL_CONVERSION = YES;
				CLANG_WARN_OBJC_ROOT_CLASS = YES_ERROR;
				CLANG_WARN_RANGE_LOOP_ANALYSIS = YES;
				CLANG_WARN_STRICT_PROTOTYPES = YES;
				CLANG_WARN_SUSPICIOUS_MOVE = YES;
				CLANG_WARN_UNGUARDED_AVAILABILITY = YES_AGGRESSIVE;
				CLANG_WARN_UNREACHABLE_CODE = YES;
				CLANG_WARN__DUPLICATE_METHOD_MATCH = YES;
				COPY_PHASE_STRIP = NO;
				DEBUG_INFORMATION_FORMAT = dwarf;
				ENABLE_STRICT_OBJC_MSGSEND = YES;
				ENABLE_TESTABILITY = YES;
				GCC_C_LANGUAGE_STANDARD = gnu11;
				GCC_DYNAMIC_NO_PIC = NO;
				GCC_NO_COMMON_BLOCKS = YES;
				GCC_OPTIMIZATION_LEVEL = 0;
				GCC_PREPROCESSOR_DEFINITIONS = (
					"DEBUG=1",
					"$(inherited)",
				);
				GCC_WARN_64_TO_32_BIT_CONVERSION = YES;
				GCC_WARN_ABOUT_RETURN_TYPE = YES_ERROR;
				GCC_WARN_UNDECLARED_SELECTOR = YES;
				GCC_WARN_UNINITIALIZED_AUTOS = YES_AGGRESSIVE;
				GCC_WARN_UNUSED_FUNCTION = YES;
				GCC_WARN_UNUSED_VARIABLE = YES;
				IPHONEOS_DEPLOYMENT_TARGET = 13.1;
				MTL_ENABLE_DEBUG_INFO = INCLUDE_SOURCE;
				MTL_FAST_MATH = YES;
				ONLY_ACTIVE_ARCH = YES;
				SDKROOT = iphoneos;
				SWIFT_ACTIVE_COMPILATION_CONDITIONS = DEBUG;
				SWIFT_OPTIMIZATION_LEVEL = "-Onone";
			};
			name = Debug;
		};
		A4663304237BF8E800C0830E /* Release */ = {
			isa = XCBuildConfiguration;
			buildSettings = {
				ALWAYS_SEARCH_USER_PATHS = NO;
				CLANG_ANALYZER_NONNULL = YES;
				CLANG_ANALYZER_NUMBER_OBJECT_CONVERSION = YES_AGGRESSIVE;
				CLANG_CXX_LANGUAGE_STANDARD = "gnu++14";
				CLANG_CXX_LIBRARY = "libc++";
				CLANG_ENABLE_MODULES = YES;
				CLANG_ENABLE_OBJC_ARC = YES;
				CLANG_ENABLE_OBJC_WEAK = YES;
				CLANG_WARN_BLOCK_CAPTURE_AUTORELEASING = YES;
				CLANG_WARN_BOOL_CONVERSION = YES;
				CLANG_WARN_COMMA = YES;
				CLANG_WARN_CONSTANT_CONVERSION = YES;
				CLANG_WARN_DEPRECATED_OBJC_IMPLEMENTATIONS = YES;
				CLANG_WARN_DIRECT_OBJC_ISA_USAGE = YES_ERROR;
				CLANG_WARN_DOCUMENTATION_COMMENTS = YES;
				CLANG_WARN_EMPTY_BODY = YES;
				CLANG_WARN_ENUM_CONVERSION = YES;
				CLANG_WARN_INFINITE_RECURSION = YES;
				CLANG_WARN_INT_CONVERSION = YES;
				CLANG_WARN_NON_LITERAL_NULL_CONVERSION = YES;
				CLANG_WARN_OBJC_IMPLICIT_RETAIN_SELF = YES;
				CLANG_WARN_OBJC_LITERAL_CONVERSION = YES;
				CLANG_WARN_OBJC_ROOT_CLASS = YES_ERROR;
				CLANG_WARN_RANGE_LOOP_ANALYSIS = YES;
				CLANG_WARN_STRICT_PROTOTYPES = YES;
				CLANG_WARN_SUSPICIOUS_MOVE = YES;
				CLANG_WARN_UNGUARDED_AVAILABILITY = YES_AGGRESSIVE;
				CLANG_WARN_UNREACHABLE_CODE = YES;
				CLANG_WARN__DUPLICATE_METHOD_MATCH = YES;
				COPY_PHASE_STRIP = NO;
				DEBUG_INFORMATION_FORMAT = "dwarf-with-dsym";
				ENABLE_NS_ASSERTIONS = NO;
				ENABLE_STRICT_OBJC_MSGSEND = YES;
				GCC_C_LANGUAGE_STANDARD = gnu11;
				GCC_NO_COMMON_BLOCKS = YES;
				GCC_WARN_64_TO_32_BIT_CONVERSION = YES;
				GCC_WARN_ABOUT_RETURN_TYPE = YES_ERROR;
				GCC_WARN_UNDECLARED_SELECTOR = YES;
				GCC_WARN_UNINITIALIZED_AUTOS = YES_AGGRESSIVE;
				GCC_WARN_UNUSED_FUNCTION = YES;
				GCC_WARN_UNUSED_VARIABLE = YES;
				IPHONEOS_DEPLOYMENT_TARGET = 13.1;
				MTL_ENABLE_DEBUG_INFO = NO;
				MTL_FAST_MATH = YES;
				SDKROOT = iphoneos;
				SWIFT_COMPILATION_MODE = wholemodule;
				SWIFT_OPTIMIZATION_LEVEL = "-O";
				VALIDATE_PRODUCT = YES;
			};
			name = Release;
		};
		A4663306237BF8E800C0830E /* Debug */ = {
			isa = XCBuildConfiguration;
			buildSettings = {
				ASSETCATALOG_COMPILER_APPICON_NAME = AppIcon;
				CODE_SIGN_STYLE = Automatic;
				DEVELOPMENT_TEAM = RD34536BDQ;
				INFOPLIST_FILE = "thesis-ios-api/Info.plist";
				LD_RUNPATH_SEARCH_PATHS = (
					"$(inherited)",
					"@executable_path/Frameworks",
				);
				PRODUCT_BUNDLE_IDENTIFIER = "ssankosik.thesis-ios-api";
				PRODUCT_NAME = "$(TARGET_NAME)";
				SWIFT_VERSION = 5.0;
				TARGETED_DEVICE_FAMILY = "1,2";
			};
			name = Debug;
		};
		A4663307237BF8E800C0830E /* Release */ = {
			isa = XCBuildConfiguration;
			buildSettings = {
				ASSETCATALOG_COMPILER_APPICON_NAME = AppIcon;
				CODE_SIGN_STYLE = Automatic;
				DEVELOPMENT_TEAM = RD34536BDQ;
				INFOPLIST_FILE = "thesis-ios-api/Info.plist";
				LD_RUNPATH_SEARCH_PATHS = (
					"$(inherited)",
					"@executable_path/Frameworks",
				);
				PRODUCT_BUNDLE_IDENTIFIER = "ssankosik.thesis-ios-api";
				PRODUCT_NAME = "$(TARGET_NAME)";
				SWIFT_VERSION = 5.0;
				TARGETED_DEVICE_FAMILY = "1,2";
			};
			name = Release;
		};
/* End XCBuildConfiguration section */

/* Begin XCConfigurationList section */
		A46632EC237BF8E600C0830E /* Build configuration list for PBXProject "thesis-ios-api" */ = {
			isa = XCConfigurationList;
			buildConfigurations = (
				A4663303237BF8E800C0830E /* Debug */,
				A4663304237BF8E800C0830E /* Release */,
			);
			defaultConfigurationIsVisible = 0;
			defaultConfigurationName = Release;
		};
		A4663305237BF8E800C0830E /* Build configuration list for PBXNativeTarget "thesis-ios-api" */ = {
			isa = XCConfigurationList;
			buildConfigurations = (
				A4663306237BF8E800C0830E /* Debug */,
				A4663307237BF8E800C0830E /* Release */,
			);
			defaultConfigurationIsVisible = 0;
			defaultConfigurationName = Release;
		};
/* End XCConfigurationList section */
	};
	rootObject = A46632E9237BF8E600C0830E /* Project object */;
}
